{
  "name": "@aprilnea/expo-storefront",
  "version": "0.1.0",
  "lockfileVersion": 3,
  "requires": true,
  "packages": {
    "": {
      "name": "@aprilnea/expo-storefront",
      "version": "0.1.0",
      "license": "MIT",
      "dependencies": {
        "iso-3166-1-ts": "^0.2.2"
      },
      "devDependencies": {
        "@types/react": "~19.1.0",
        "expo-modules-core": "^3.0.0",
        "react": "~19.1.0",
        "typescript": "~5.9.2"
      },
      "peerDependencies": {
        "expo": "*",
        "react": "*",
        "react-native": "*"
      }
    },
    "node_modules/@types/react": {
      "version": "19.1.17",
      "resolved": "https://registry.npmjs.org/@types/react/-/react-19.1.17.tgz",
      "integrity": "sha512-Qec1E3mhALmaspIrhWt9jkQMNdw6bReVu64mjvhbhq2NFPftLPVr+l1SZgmw/66WwBNpDh7ao5AT6gF5v41PFA==",
      "dev": true,
      "license": "MIT",
      "dependencies": {
        "csstype": "^3.0.2"
      }
    },
    "node_modules/csstype": {
      "version": "3.2.3",
      "resolved": "https://registry.npmjs.org/csstype/-/csstype-3.2.3.tgz",
      "integrity": "sha512-z1HGKcYy2xA8AGQfwrn0PAy+PB7X/GSj3UVJW9qKyn43xWa+gl5nXmU4qqLMRzWVLFC8KusUX8T/0kCiOYpAIQ==",
      "dev": true,
      "license": "MIT"
    },
    "node_modules/expo-modules-core": {
      "version": "3.0.29",
      "resolved": "https://registry.npmjs.org/expo-modules-core/-/expo-modules-core-3.0.29.tgz",
      "integrity": "sha512-LzipcjGqk8gvkrOUf7O2mejNWugPkf3lmd9GkqL9WuNyeN2fRwU0Dn77e3ZUKI3k6sI+DNwjkq4Nu9fNN9WS7Q==",
      "dev": true,
      "license": "MIT",
      "dependencies": {
        "invariant": "^2.2.4"
      },
      "peerDependencies": {
        "react": "*",
        "react-native": "*"
      }
    },
    "node_modules/invariant": {
      "version": "2.2.4",
      "resolved": "https://registry.npmjs.org/invariant/-/invariant-2.2.4.tgz",
      "integrity": "sha512-phJfQVBuaJM5raOpJjSfkiD6BpbCE4Ns//LaXl6wGYtUBY83nWS6Rf9tXm2e8VaK60JEjYldbPif/A2B1C2gNA==",
      "dev": true,
      "license": "MIT",
      "dependencies": {
        "loose-envify": "^1.0.0"
      }
    },
    "node_modules/iso-3166-1-ts": {
      "version": "0.2.2",
      "resolved": "https://registry.npmjs.org/iso-3166-1-ts/-/iso-3166-1-ts-0.2.2.tgz",
      "integrity": "sha512-5KJp6m2Y2tW8bekRpy0Vckob8VqsQTTy2BQQ1o2opXsr30t1MD8M/OvOZzIRBR3DcELCnkpnIXoQbM+Hp5U26A==",
      "license": "MIT",
      "engines": {
        "node": ">=10"
      }
    },
    "node_modules/js-tokens": {
      "version": "4.0.0",
      "resolved": "https://registry.npmjs.org/js-tokens/-/js-tokens-4.0.0.tgz",
      "integrity": "sha512-RdJUflcE3cUzKiMqQgsCu06FPu9UdIJO0beYbPhHN4k6apgJtifcoCtT9bcxOpYBtpD2kCM6Sbzg4CausW/PKQ==",
      "dev": true,
      "license": "MIT"
    },
    "node_modules/loose-envify": {
      "version": "1.4.0",
      "resolved": "https://registry.npmjs.org/loose-envify/-/loose-envify-1.4.0.tgz",
      "integrity": "sha512-lyuxPGr/Wfhrlem2CL/UcnUc1zcqKAImBDzukY7Y5F/yQiNdko6+fRLevlw1HgMySw7f611UIY408EtxRSoK3Q==",
      "dev": true,
      "license": "MIT",
      "dependencies": {
        "js-tokens": "^3.0.0 || ^4.0.0"
      },
      "bin": {
        "loose-envify": "cli.js"
      }
    },
    "node_modules/react": {
      "version": "19.1.6",
      "resolved": "https://registry.npmjs.org/react/-/react-19.1.6.tgz",
      "integrity": "sha512-GVXa6S2mNw6QQg1KZRnX7fB/3F5sEy+7nsL8IrrlOLDxKXyfR97ZP3hNvWidFy1YkJlUvMYpeqUFxwY1ez6h3A==",
      "dev": true,
      "license": "MIT",
      "engines": {
        "node": ">=0.10.0"
      }
    },
    "node_modules/typescript": {
      "version": "5.9.3",
      "resolved": "https://registry.npmjs.org/typescript/-/typescript-5.9.3.tgz",
      "integrity": "sha512-jl1vZzPDinLr9eUt3J/t7V6FgNEw9QjvBPdysz9KfQDD41fQrC2Y4vKQdiaUpFT4bXlb1RHhLpp8wtm6M5TgSw==",
      "dev": true,
      "license": "Apache-2.0",
      "bin": {
        "tsc": "bin/tsc",
        "tsserver": "bin/tsserver"
      },
      "engines": {
        "node": ">=14.17"
      }
    }
  }
}
